{
  "version": 4,
  "terraform_version": "1.10.2",
  "serial": 7,
  "lineage": "c8de2731-3059-0128-3f16-ebb4c3d5916c",
  "outputs": {},
  "resources": [
    {
      "module": "module.state_bucket",
      "mode": "managed",
      "type": "aws_s3_bucket",
      "name": "this",
      "provider": "provider[\"registry.terraform.io/hashicorp/aws\"]",
      "instances": [
        {
          "schema_version": 0,
          "attributes": {
            "acceleration_status": "",
            "acl": null,
            "arn": "arn:aws:s3:::ashley-sandbox-terraform-state-pjbfg",
            "bucket": "ashley-sandbox-terraform-state-pjbfg",
            "bucket_domain_name": "ashley-sandbox-terraform-state-pjbfg.s3.amazonaws.com",
            "bucket_prefix": "",
            "bucket_regional_domain_name": "ashley-sandbox-terraform-state-pjbfg.s3.ap-southeast-2.amazonaws.com",
            "cors_rule": [],
            "force_destroy": false,
            "grant": [
              {
                "id": "96f6a759ce11d08453cd401690dc0727e1c7dfa7adeae68c49e1c892db1acafa",
                "permissions": [
                  "FULL_CONTROL"
                ],
                "type": "CanonicalUser",
                "uri": ""
              }
            ],
            "hosted_zone_id": "Z1WCIGYICN2BYD",
            "id": "ashley-sandbox-terraform-state-pjbfg",
            "lifecycle_rule": [],
            "logging": [],
            "object_lock_configuration": [],
            "object_lock_enabled": false,
            "policy": "",
            "region": "ap-southeast-2",
            "replication_configuration": [],
            "request_payer": "BucketOwner",
            "server_side_encryption_configuration": [
              {
                "rule": [
                  {
                    "apply_server_side_encryption_by_default": [
                      {
                        "kms_master_key_id": "",
                        "sse_algorithm": "AES256"
                      }
                    ],
                    "bucket_key_enabled": false
                  }
                ]
              }
            ],
            "tags": {
              "Name": "ashley-sandbox-terraform-state-pjbfg"
            },
            "tags_all": {
              "Environment": "sandbox",
              "Name": "ashley-sandbox-terraform-state-pjbfg",
              "Tenant": "ashley"
            },
            "timeouts": null,
            "versioning": [
              {
                "enabled": false,
                "mfa_delete": false
              }
            ],
            "website": [],
            "website_domain": null,
            "website_endpoint": null
          },
          "sensitive_attributes": [],
          "private": "eyJlMmJmYjczMC1lY2FhLTExZTYtOGY4OC0zNDM2M2JjN2M0YzAiOnsiY3JlYXRlIjoxMjAwMDAwMDAwMDAwLCJkZWxldGUiOjM2MDAwMDAwMDAwMDAsInJlYWQiOjEyMDAwMDAwMDAwMDAsInVwZGF0ZSI6MTIwMDAwMDAwMDAwMH19",
          "dependencies": [
            "module.state_bucket.module.name_suffix.random_string.this"
          ]
        }
      ]
    },
    {
      "module": "module.state_bucket",
      "mode": "managed",
      "type": "aws_s3_bucket_versioning",
      "name": "this",
      "provider": "provider[\"registry.terraform.io/hashicorp/aws\"]",
      "instances": [
        {
          "schema_version": 0,
          "attributes": {
            "bucket": "ashley-sandbox-terraform-state-pjbfg",
            "expected_bucket_owner": "",
            "id": "ashley-sandbox-terraform-state-pjbfg",
            "mfa": null,
            "versioning_configuration": [
              {
                "mfa_delete": "",
                "status": "Enabled"
              }
            ]
          },
          "sensitive_attributes": [],
          "private": "bnVsbA==",
          "dependencies": [
            "module.state_bucket.aws_s3_bucket.this",
            "module.state_bucket.module.name_suffix.random_string.this"
          ]
        }
      ]
    },
    {
      "module": "module.state_bucket.module.name_suffix",
      "mode": "managed",
      "type": "random_string",
      "name": "this",
      "provider": "provider[\"registry.terraform.io/hashicorp/random\"]",
      "instances": [
        {
          "schema_version": 2,
          "attributes": {
            "id": "pjbfg",
            "keepers": null,
            "length": 5,
            "lower": true,
            "min_lower": 0,
            "min_numeric": 0,
            "min_special": 0,
            "min_upper": 0,
            "number": false,
            "numeric": false,
            "override_special": null,
            "result": "pjbfg",
            "special": false,
            "upper": false
          },
          "sensitive_attributes": []
        }
      ]
    }
  ],
  "check_results": null
}
